
Microsoft Visual Studio Solution File, Format Version 12.00
# Visual Studio 14
VisualStudioVersion = 14.0.23107.0
MinimumVisualStudioVersion = 10.0.40219.1
Project("{FAE04EC0-301F-11D3-BF4B-00C04F79EFBC}") = "BeginWF40.PassArgoment.OrderProcess", "BeginWF40.PassArgoment.OrderProcess\BeginWF40.PassArgoment.OrderProcess.csproj", "{A20221B6-7E8A-45BD-89E4-830B1A9BCCD5}"
EndProject
Project("{FAE04EC0-301F-11D3-BF4B-00C04F79EFBC}") = "BeginWF40.Comunication.LibReservation", "BeginWF40.Comunication.LibReservation\BeginWF40.Comunication.LibReservation.csproj", "{5FCED4DA-FE49-45A7-8FBA-7DA17E34720B}"
EndProject
Project("{FAE04EC0-301F-11D3-BF4B-00C04F79EFBC}") = "BeginWF40.Comunication.WPF.LibReserv", "BeginWF40.Comunication.WPF.LibReserv\BeginWF40.Comunication.WPF.LibReserv.csproj", "{435B7FF8-64D4-40AB-B678-6433EDA74C58}"
EndProject
Project("{FAE04EC0-301F-11D3-BF4B-00C04F79EFBC}") = "BeginWF40.Comunication.BookInventory", "BeginWF40.Comunication.BookInventory\BeginWF40.Comunication.BookInventory.csproj", "{54CB1792-DD37-4A01-B6C8-E903E1E6FB0F}"
EndProject
Project("{FAE04EC0-301F-11D3-BF4B-00C04F79EFBC}") = "BeginWF40.Comunication.BookLkp.Client", "BeginWF40.Comunication.BookLkp.Client\BeginWF40.Comunication.BookLkp.Client.csproj", "{48AE68F8-AD3C-4D2D-9591-C6B24E7011C9}"
	ProjectSection(ProjectDependencies) = postProject
		{54CB1792-DD37-4A01-B6C8-E903E1E6FB0F} = {54CB1792-DD37-4A01-B6C8-E903E1E6FB0F}
	EndProjectSection
EndProject
Project("{FAE04EC0-301F-11D3-BF4B-00C04F79EFBC}") = "BeginWF40.Extension.LeadGenerator", "BeginWF40.Extension.LeadGenerator\BeginWF40.Extension.LeadGenerator.csproj", "{3736F9C4-F003-4552-B3E7-6FE6A8CFEF69}"
EndProject
Project("{FAE04EC0-301F-11D3-BF4B-00C04F79EFBC}") = "BeginWF40.Extension.LeadResponse", "BeginWF40.Extension.LeadResponse\BeginWF40.Extension.LeadResponse.csproj", "{77E0236C-E306-435A-A4AD-1B4F5C7AE482}"
EndProject
Project("{FAE04EC0-301F-11D3-BF4B-00C04F79EFBC}") = "PROWF45.CH11.WCF.WORKFLOW.SERVICE", "PROWF45.CH11.WCF.WORKFLOW.SERVICE\PROWF45.CH11.WCF.WORKFLOW.SERVICE.csproj", "{EA5B400A-2ADD-4A9E-8D66-EAE5B79D8100}"
EndProject
Project("{FAE04EC0-301F-11D3-BF4B-00C04F79EFBC}") = "PROWF45.CH11.WCF.WORKFLOW.CLIENT.SERVICE", "PROWF45.CH11.WCF.WORKFLOW.CLIENT.SERVICE\PROWF45.CH11.WCF.WORKFLOW.CLIENT.SERVICE.csproj", "{D44CC63D-B97E-459B-A0D8-0E5C3413B065}"
	ProjectSection(ProjectDependencies) = postProject
		{EA5B400A-2ADD-4A9E-8D66-EAE5B79D8100} = {EA5B400A-2ADD-4A9E-8D66-EAE5B79D8100}
	EndProjectSection
EndProject
Project("{FAE04EC0-301F-11D3-BF4B-00C04F79EFBC}") = "MVVM.Packpub.Northwind.UI.WPF", "MVVM.Packpub.Northwind.UI.WPF\MVVM.Packpub.Northwind.UI.WPF.csproj", "{7E089655-E774-402A-8762-130580D42BB8}"
	ProjectSection(ProjectDependencies) = postProject
		{7051D7D1-5C8F-47B6-8E6C-19F6119EAE0E} = {7051D7D1-5C8F-47B6-8E6C-19F6119EAE0E}
	EndProjectSection
EndProject
Project("{FAE04EC0-301F-11D3-BF4B-00C04F79EFBC}") = "MVVM.Packpub.Northwind.ViewModel", "MVVM.Packpub.Northwind.ViewModel\MVVM.Packpub.Northwind.ViewModel.csproj", "{DEDD508A-621E-43F4-877F-F4D9F930408E}"
EndProject
Project("{FAE04EC0-301F-11D3-BF4B-00C04F79EFBC}") = "MVVM.Packpub.Northwind.Data", "MVVM.Packpub.Northwind.Data\MVVM.Packpub.Northwind.Data.csproj", "{BDCE1544-F54C-4F01-869E-9481C6667CD7}"
EndProject
Project("{FAE04EC0-301F-11D3-BF4B-00C04F79EFBC}") = "MVVM.Packpub.Northwind.Application", "MVVM.Packpub.Northwind.Application\MVVM.Packpub.Northwind.Application.csproj", "{8BBFEDC6-DD8B-4610-BD41-DD872C21F31B}"
	ProjectSection(ProjectDependencies) = postProject
		{7051D7D1-5C8F-47B6-8E6C-19F6119EAE0E} = {7051D7D1-5C8F-47B6-8E6C-19F6119EAE0E}
	EndProjectSection
EndProject
Project("{FAE04EC0-301F-11D3-BF4B-00C04F79EFBC}") = "MVVM.Packpub.Northwind.ViewModel.Tests", "MVVM.Packpub.Northwind.ViewModel.Tests\MVVM.Packpub.Northwind.ViewModel.Tests.csproj", "{1156E1FA-9701-4BCA-9CA8-A555885DF455}"
EndProject
Project("{FAE04EC0-301F-11D3-BF4B-00C04F79EFBC}") = "MVVM.Packpub.Northwind.Service", "MVVM-Packpub.Northwind.Service\MVVM.Packpub.Northwind.Service.csproj", "{7051D7D1-5C8F-47B6-8E6C-19F6119EAE0E}"
EndProject
Project("{FAE04EC0-301F-11D3-BF4B-00C04F79EFBC}") = "MVVM.Packpub.Northwind.Model", "MVVM.Packpub.Northwind.Model\MVVM.Packpub.Northwind.Model.csproj", "{1DFEF11E-24C1-4187-9DC5-72A2A21FAC70}"
EndProject
Project("{FAE04EC0-301F-11D3-BF4B-00C04F79EFBC}") = "MVVM.Packpub.OrderEntry.Workflow.UI.WPF", "MVVM.Packpub.OrderEntry.UI.WPF\MVVM.Packpub.OrderEntry.Workflow.UI.WPF.csproj", "{8D81A8B1-BB39-454D-A841-565C1DE0C963}"
EndProject
Project("{FAE04EC0-301F-11D3-BF4B-00C04F79EFBC}") = "MVVM.Packpub.OrderEntry.Workflow.Interface", "MVVM.Packpub.OrderEntry.Workflow.Interface\MVVM.Packpub.OrderEntry.Workflow.Interface.csproj", "{C7A24BBB-6FF5-4E20-B164-8A93740C6453}"
EndProject
Project("{FAE04EC0-301F-11D3-BF4B-00C04F79EFBC}") = "MVVM.Packpub.OrderEntry.Workflow.BusinessRulesWF", "MVVM.Packpub.OrderEntry.Workflow.BusinessRulesWF\MVVM.Packpub.OrderEntry.Workflow.BusinessRulesWF.csproj", "{1EC6A7A3-CF6E-479B-ABA5-CFD0ABF9ABDD}"
EndProject
Project("{FAE04EC0-301F-11D3-BF4B-00C04F79EFBC}") = "PROWF45.CH06.VERSIONING.UPDATE.WORKFLOW", "PROWF45.CH06.VERSIONING.UPDATE.WORKFLOW\PROWF45.CH06.VERSIONING.UPDATE.WORKFLOW.csproj", "{AC06B153-CF92-41B6-814C-07B549C599C1}"
EndProject
Project("{FAE04EC0-301F-11D3-BF4B-00C04F79EFBC}") = "PROWF45.CH06.Verion.Update.MoviesRental.Activities", "PROWF45.CH06.Verion.Update.MoviesRental.Activities\PROWF45.CH06.Verion.Update.MoviesRental.Activities.csproj", "{BC1F983D-487F-4739-9EBC-BDF277AB5D44}"
EndProject
Project("{FAE04EC0-301F-11D3-BF4B-00C04F79EFBC}") = "PROWF45.CH06.Version.Update.MoviesRental.Workflow", "PROWF45.CH06.Version.Update.MoviesRental.Workflow\PROWF45.CH06.Version.Update.MoviesRental.Workflow.csproj", "{C798F4D4-7654-4D1C-A317-AB91949BB54F}"
EndProject
Project("{FAE04EC0-301F-11D3-BF4B-00C04F79EFBC}") = "PROWF45.CH06.Version.Update.MoviesRental.WPF.Host", "PROWF45.CH06.Version.Update.MoviesRental.WPF.Host\PROWF45.CH06.Version.Update.MoviesRental.WPF.Host.csproj", "{B4C595A6-9118-42E7-9D37-A3F5130A6D0A}"
EndProject
Project("{FAE04EC0-301F-11D3-BF4B-00C04F79EFBC}") = "PROWF40.General.ActivityLibrary", "PROWF40.CH08.Host.Com.BookMark.ActivityLibrary\PROWF40.General.ActivityLibrary.csproj", "{E7B8A424-8790-47E3-8A01-C281C0FA92D6}"
EndProject
Project("{FAE04EC0-301F-11D3-BF4B-00C04F79EFBC}") = "PROWF40.Genral.Console.Test", "PROWF40.CH08.Host.Com.Console.BookmarkCalculator\PROWF40.Genral.Console.Test.csproj", "{70E7BF1E-DB9A-4E68-8824-F25ECD105A1E}"
EndProject
Project("{FAE04EC0-301F-11D3-BF4B-00C04F79EFBC}") = "PROWF40.CH17.DesignerHost", "PROWF40.CH17.DesignerHost\PROWF40.CH17.DesignerHost.csproj", "{8F356520-FAE0-4B32-812A-09DD4B4E2D03}"
EndProject
Project("{FAE04EC0-301F-11D3-BF4B-00C04F79EFBC}") = "PROWF40.CH13.AdventureWorksAccess", "PROWF40.CH13.AdventureWorksAccess\PROWF40.CH13.AdventureWorksAccess.csproj", "{EDD3D1F8-7422-4ED8-A1A8-3D1006902267}"
EndProject
Project("{2150E333-8FDC-42A3-9474-1A3956D46DE8}") = "Begin WF40", "Begin WF40", "{BE9350BA-AD9D-4DF9-8EC4-85330CC8C4C7}"
EndProject
Project("{2150E333-8FDC-42A3-9474-1A3956D46DE8}") = "Pro WF40", "Pro WF40", "{1468D2A5-8B56-4A64-8F64-A5DAF1023EA7}"
EndProject
Project("{2150E333-8FDC-42A3-9474-1A3956D46DE8}") = "Pro WF45", "Pro WF45", "{965535FA-5AE5-457E-806A-59404FE1A71B}"
EndProject
Project("{2150E333-8FDC-42A3-9474-1A3956D46DE8}") = "MVVM WWF Packpub", "MVVM WWF Packpub", "{FC1E4DB6-2F81-4E26-B4EF-C9E5877D1B37}"
EndProject
Project("{2150E333-8FDC-42A3-9474-1A3956D46DE8}") = "Miscellenous", "Miscellenous", "{8B1C46CF-7C18-4187-BA33-440E01F1B380}"
EndProject
Project("{2150E333-8FDC-42A3-9474-1A3956D46DE8}") = "Membership WWF 40 MVC registration", "Membership WWF 40 MVC registration", "{8D0DDB05-B228-444B-8E06-B3714D926751}"
EndProject
Project("{2150E333-8FDC-42A3-9474-1A3956D46DE8}") = "Host WF 45", "Host WF 45", "{7DC6D3C5-7F50-4C1D-9586-16CEF9F16A91}"
EndProject
Global
	GlobalSection(SolutionConfigurationPlatforms) = preSolution
		Debug|Any CPU = Debug|Any CPU
		Debug|Mixed Platforms = Debug|Mixed Platforms
		Debug|x86 = Debug|x86
		Release|Any CPU = Release|Any CPU
		Release|Mixed Platforms = Release|Mixed Platforms
		Release|x86 = Release|x86
	EndGlobalSection
	GlobalSection(ProjectConfigurationPlatforms) = postSolution
		{A20221B6-7E8A-45BD-89E4-830B1A9BCCD5}.Debug|Any CPU.ActiveCfg = Debug|x86
		{A20221B6-7E8A-45BD-89E4-830B1A9BCCD5}.Debug|Mixed Platforms.ActiveCfg = Debug|x86
		{A20221B6-7E8A-45BD-89E4-830B1A9BCCD5}.Debug|Mixed Platforms.Build.0 = Debug|x86
		{A20221B6-7E8A-45BD-89E4-830B1A9BCCD5}.Debug|x86.ActiveCfg = Debug|x86
		{A20221B6-7E8A-45BD-89E4-830B1A9BCCD5}.Debug|x86.Build.0 = Debug|x86
		{A20221B6-7E8A-45BD-89E4-830B1A9BCCD5}.Release|Any CPU.ActiveCfg = Release|x86
		{A20221B6-7E8A-45BD-89E4-830B1A9BCCD5}.Release|Mixed Platforms.ActiveCfg = Release|x86
		{A20221B6-7E8A-45BD-89E4-830B1A9BCCD5}.Release|Mixed Platforms.Build.0 = Release|x86
		{A20221B6-7E8A-45BD-89E4-830B1A9BCCD5}.Release|x86.ActiveCfg = Release|x86
		{A20221B6-7E8A-45BD-89E4-830B1A9BCCD5}.Release|x86.Build.0 = Release|x86
		{5FCED4DA-FE49-45A7-8FBA-7DA17E34720B}.Debug|Any CPU.ActiveCfg = Debug|Any CPU
		{5FCED4DA-FE49-45A7-8FBA-7DA17E34720B}.Debug|Any CPU.Build.0 = Debug|Any CPU
		{5FCED4DA-FE49-45A7-8FBA-7DA17E34720B}.Debug|Mixed Platforms.ActiveCfg = Debug|Any CPU
		{5FCED4DA-FE49-45A7-8FBA-7DA17E34720B}.Debug|Mixed Platforms.Build.0 = Debug|Any CPU
		{5FCED4DA-FE49-45A7-8FBA-7DA17E34720B}.Debug|x86.ActiveCfg = Debug|Any CPU
		{5FCED4DA-FE49-45A7-8FBA-7DA17E34720B}.Release|Any CPU.ActiveCfg = Release|Any CPU
		{5FCED4DA-FE49-45A7-8FBA-7DA17E34720B}.Release|Any CPU.Build.0 = Release|Any CPU
		{5FCED4DA-FE49-45A7-8FBA-7DA17E34720B}.Release|Mixed Platforms.ActiveCfg = Release|Any CPU
		{5FCED4DA-FE49-45A7-8FBA-7DA17E34720B}.Release|Mixed Platforms.Build.0 = Release|Any CPU
		{5FCED4DA-FE49-45A7-8FBA-7DA17E34720B}.Release|x86.ActiveCfg = Release|Any CPU
		{435B7FF8-64D4-40AB-B678-6433EDA74C58}.Debug|Any CPU.ActiveCfg = Debug|Any CPU
		{435B7FF8-64D4-40AB-B678-6433EDA74C58}.Debug|Any CPU.Build.0 = Debug|Any CPU
		{435B7FF8-64D4-40AB-B678-6433EDA74C58}.Debug|Mixed Platforms.ActiveCfg = Debug|Any CPU
		{435B7FF8-64D4-40AB-B678-6433EDA74C58}.Debug|Mixed Platforms.Build.0 = Debug|Any CPU
		{435B7FF8-64D4-40AB-B678-6433EDA74C58}.Debug|x86.ActiveCfg = Debug|Any CPU
		{435B7FF8-64D4-40AB-B678-6433EDA74C58}.Release|Any CPU.ActiveCfg = Release|Any CPU
		{435B7FF8-64D4-40AB-B678-6433EDA74C58}.Release|Any CPU.Build.0 = Release|Any CPU
		{435B7FF8-64D4-40AB-B678-6433EDA74C58}.Release|Mixed Platforms.ActiveCfg = Release|Any CPU
		{435B7FF8-64D4-40AB-B678-6433EDA74C58}.Release|Mixed Platforms.Build.0 = Release|Any CPU
		{435B7FF8-64D4-40AB-B678-6433EDA74C58}.Release|x86.ActiveCfg = Release|Any CPU
		{54CB1792-DD37-4A01-B6C8-E903E1E6FB0F}.Debug|Any CPU.ActiveCfg = Debug|Any CPU
		{54CB1792-DD37-4A01-B6C8-E903E1E6FB0F}.Debug|Any CPU.Build.0 = Debug|Any CPU
		{54CB1792-DD37-4A01-B6C8-E903E1E6FB0F}.Debug|Mixed Platforms.ActiveCfg = Debug|Any CPU
		{54CB1792-DD37-4A01-B6C8-E903E1E6FB0F}.Debug|Mixed Platforms.Build.0 = Debug|Any CPU
		{54CB1792-DD37-4A01-B6C8-E903E1E6FB0F}.Debug|x86.ActiveCfg = Debug|Any CPU
		{54CB1792-DD37-4A01-B6C8-E903E1E6FB0F}.Release|Any CPU.ActiveCfg = Release|Any CPU
		{54CB1792-DD37-4A01-B6C8-E903E1E6FB0F}.Release|Any CPU.Build.0 = Release|Any CPU
		{54CB1792-DD37-4A01-B6C8-E903E1E6FB0F}.Release|Mixed Platforms.ActiveCfg = Release|Any CPU
		{54CB1792-DD37-4A01-B6C8-E903E1E6FB0F}.Release|Mixed Platforms.Build.0 = Release|Any CPU
		{54CB1792-DD37-4A01-B6C8-E903E1E6FB0F}.Release|x86.ActiveCfg = Release|Any CPU
		{48AE68F8-AD3C-4D2D-9591-C6B24E7011C9}.Debug|Any CPU.ActiveCfg = Debug|x86
		{48AE68F8-AD3C-4D2D-9591-C6B24E7011C9}.Debug|Mixed Platforms.ActiveCfg = Debug|x86
		{48AE68F8-AD3C-4D2D-9591-C6B24E7011C9}.Debug|Mixed Platforms.Build.0 = Debug|x86
		{48AE68F8-AD3C-4D2D-9591-C6B24E7011C9}.Debug|x86.ActiveCfg = Debug|x86
		{48AE68F8-AD3C-4D2D-9591-C6B24E7011C9}.Debug|x86.Build.0 = Debug|x86
		{48AE68F8-AD3C-4D2D-9591-C6B24E7011C9}.Release|Any CPU.ActiveCfg = Release|x86
		{48AE68F8-AD3C-4D2D-9591-C6B24E7011C9}.Release|Mixed Platforms.ActiveCfg = Release|x86
		{48AE68F8-AD3C-4D2D-9591-C6B24E7011C9}.Release|Mixed Platforms.Build.0 = Release|x86
		{48AE68F8-AD3C-4D2D-9591-C6B24E7011C9}.Release|x86.ActiveCfg = Release|x86
		{48AE68F8-AD3C-4D2D-9591-C6B24E7011C9}.Release|x86.Build.0 = Release|x86
		{3736F9C4-F003-4552-B3E7-6FE6A8CFEF69}.Debug|Any CPU.ActiveCfg = Debug|Any CPU
		{3736F9C4-F003-4552-B3E7-6FE6A8CFEF69}.Debug|Any CPU.Build.0 = Debug|Any CPU
		{3736F9C4-F003-4552-B3E7-6FE6A8CFEF69}.Debug|Mixed Platforms.ActiveCfg = Debug|Any CPU
		{3736F9C4-F003-4552-B3E7-6FE6A8CFEF69}.Debug|Mixed Platforms.Build.0 = Debug|Any CPU
		{3736F9C4-F003-4552-B3E7-6FE6A8CFEF69}.Debug|x86.ActiveCfg = Debug|Any CPU
		{3736F9C4-F003-4552-B3E7-6FE6A8CFEF69}.Release|Any CPU.ActiveCfg = Release|Any CPU
		{3736F9C4-F003-4552-B3E7-6FE6A8CFEF69}.Release|Any CPU.Build.0 = Release|Any CPU
		{3736F9C4-F003-4552-B3E7-6FE6A8CFEF69}.Release|Mixed Platforms.ActiveCfg = Release|Any CPU
		{3736F9C4-F003-4552-B3E7-6FE6A8CFEF69}.Release|Mixed Platforms.Build.0 = Release|Any CPU
		{3736F9C4-F003-4552-B3E7-6FE6A8CFEF69}.Release|x86.ActiveCfg = Release|Any CPU
		{77E0236C-E306-435A-A4AD-1B4F5C7AE482}.Debug|Any CPU.ActiveCfg = Debug|Any CPU
		{77E0236C-E306-435A-A4AD-1B4F5C7AE482}.Debug|Any CPU.Build.0 = Debug|Any CPU
		{77E0236C-E306-435A-A4AD-1B4F5C7AE482}.Debug|Mixed Platforms.ActiveCfg = Debug|Any CPU
		{77E0236C-E306-435A-A4AD-1B4F5C7AE482}.Debug|Mixed Platforms.Build.0 = Debug|Any CPU
		{77E0236C-E306-435A-A4AD-1B4F5C7AE482}.Debug|x86.ActiveCfg = Debug|Any CPU
		{77E0236C-E306-435A-A4AD-1B4F5C7AE482}.Release|Any CPU.ActiveCfg = Release|Any CPU
		{77E0236C-E306-435A-A4AD-1B4F5C7AE482}.Release|Any CPU.Build.0 = Release|Any CPU
		{77E0236C-E306-435A-A4AD-1B4F5C7AE482}.Release|Mixed Platforms.ActiveCfg = Release|Any CPU
		{77E0236C-E306-435A-A4AD-1B4F5C7AE482}.Release|Mixed Platforms.Build.0 = Release|Any CPU
		{77E0236C-E306-435A-A4AD-1B4F5C7AE482}.Release|x86.ActiveCfg = Release|Any CPU
		{EA5B400A-2ADD-4A9E-8D66-EAE5B79D8100}.Debug|Any CPU.ActiveCfg = Debug|Any CPU
		{EA5B400A-2ADD-4A9E-8D66-EAE5B79D8100}.Debug|Any CPU.Build.0 = Debug|Any CPU
		{EA5B400A-2ADD-4A9E-8D66-EAE5B79D8100}.Debug|Mixed Platforms.ActiveCfg = Debug|Any CPU
		{EA5B400A-2ADD-4A9E-8D66-EAE5B79D8100}.Debug|Mixed Platforms.Build.0 = Debug|Any CPU
		{EA5B400A-2ADD-4A9E-8D66-EAE5B79D8100}.Debug|x86.ActiveCfg = Debug|Any CPU
		{EA5B400A-2ADD-4A9E-8D66-EAE5B79D8100}.Release|Any CPU.ActiveCfg = Release|Any CPU
		{EA5B400A-2ADD-4A9E-8D66-EAE5B79D8100}.Release|Any CPU.Build.0 = Release|Any CPU
		{EA5B400A-2ADD-4A9E-8D66-EAE5B79D8100}.Release|Mixed Platforms.ActiveCfg = Release|Any CPU
		{EA5B400A-2ADD-4A9E-8D66-EAE5B79D8100}.Release|Mixed Platforms.Build.0 = Release|Any CPU
		{EA5B400A-2ADD-4A9E-8D66-EAE5B79D8100}.Release|x86.ActiveCfg = Release|Any CPU
		{D44CC63D-B97E-459B-A0D8-0E5C3413B065}.Debug|Any CPU.ActiveCfg = Debug|Any CPU
		{D44CC63D-B97E-459B-A0D8-0E5C3413B065}.Debug|Any CPU.Build.0 = Debug|Any CPU
		{D44CC63D-B97E-459B-A0D8-0E5C3413B065}.Debug|Mixed Platforms.ActiveCfg = Debug|Any CPU
		{D44CC63D-B97E-459B-A0D8-0E5C3413B065}.Debug|Mixed Platforms.Build.0 = Debug|Any CPU
		{D44CC63D-B97E-459B-A0D8-0E5C3413B065}.Debug|x86.ActiveCfg = Debug|Any CPU
		{D44CC63D-B97E-459B-A0D8-0E5C3413B065}.Release|Any CPU.ActiveCfg = Release|Any CPU
		{D44CC63D-B97E-459B-A0D8-0E5C3413B065}.Release|Any CPU.Build.0 = Release|Any CPU
		{D44CC63D-B97E-459B-A0D8-0E5C3413B065}.Release|Mixed Platforms.ActiveCfg = Release|Any CPU
		{D44CC63D-B97E-459B-A0D8-0E5C3413B065}.Release|Mixed Platforms.Build.0 = Release|Any CPU
		{D44CC63D-B97E-459B-A0D8-0E5C3413B065}.Release|x86.ActiveCfg = Release|Any CPU
		{7E089655-E774-402A-8762-130580D42BB8}.Debug|Any CPU.ActiveCfg = Debug|Any CPU
		{7E089655-E774-402A-8762-130580D42BB8}.Debug|Any CPU.Build.0 = Debug|Any CPU
		{7E089655-E774-402A-8762-130580D42BB8}.Debug|Mixed Platforms.ActiveCfg = Debug|Any CPU
		{7E089655-E774-402A-8762-130580D42BB8}.Debug|Mixed Platforms.Build.0 = Debug|Any CPU
		{7E089655-E774-402A-8762-130580D42BB8}.Debug|x86.ActiveCfg = Debug|Any CPU
		{7E089655-E774-402A-8762-130580D42BB8}.Release|Any CPU.ActiveCfg = Release|Any CPU
		{7E089655-E774-402A-8762-130580D42BB8}.Release|Any CPU.Build.0 = Release|Any CPU
		{7E089655-E774-402A-8762-130580D42BB8}.Release|Mixed Platforms.ActiveCfg = Release|Any CPU
		{7E089655-E774-402A-8762-130580D42BB8}.Release|Mixed Platforms.Build.0 = Release|Any CPU
		{7E089655-E774-402A-8762-130580D42BB8}.Release|x86.ActiveCfg = Release|Any CPU
		{DEDD508A-621E-43F4-877F-F4D9F930408E}.Debug|Any CPU.ActiveCfg = Debug|Any CPU
		{DEDD508A-621E-43F4-877F-F4D9F930408E}.Debug|Any CPU.Build.0 = Debug|Any CPU
		{DEDD508A-621E-43F4-877F-F4D9F930408E}.Debug|Mixed Platforms.ActiveCfg = Debug|Any CPU
		{DEDD508A-621E-43F4-877F-F4D9F930408E}.Debug|Mixed Platforms.Build.0 = Debug|Any CPU
		{DEDD508A-621E-43F4-877F-F4D9F930408E}.Debug|x86.ActiveCfg = Debug|Any CPU
		{DEDD508A-621E-43F4-877F-F4D9F930408E}.Release|Any CPU.ActiveCfg = Release|Any CPU
		{DEDD508A-621E-43F4-877F-F4D9F930408E}.Release|Any CPU.Build.0 = Release|Any CPU
		{DEDD508A-621E-43F4-877F-F4D9F930408E}.Release|Mixed Platforms.ActiveCfg = Release|Any CPU
		{DEDD508A-621E-43F4-877F-F4D9F930408E}.Release|Mixed Platforms.Build.0 = Release|Any CPU
		{DEDD508A-621E-43F4-877F-F4D9F930408E}.Release|x86.ActiveCfg = Release|Any CPU
		{BDCE1544-F54C-4F01-869E-9481C6667CD7}.Debug|Any CPU.ActiveCfg = Debug|Any CPU
		{BDCE1544-F54C-4F01-869E-9481C6667CD7}.Debug|Any CPU.Build.0 = Debug|Any CPU
		{BDCE1544-F54C-4F01-869E-9481C6667CD7}.Debug|Mixed Platforms.ActiveCfg = Debug|Any CPU
		{BDCE1544-F54C-4F01-869E-9481C6667CD7}.Debug|Mixed Platforms.Build.0 = Debug|Any CPU
		{BDCE1544-F54C-4F01-869E-9481C6667CD7}.Debug|x86.ActiveCfg = Debug|Any CPU
		{BDCE1544-F54C-4F01-869E-9481C6667CD7}.Release|Any CPU.ActiveCfg = Release|Any CPU
		{BDCE1544-F54C-4F01-869E-9481C6667CD7}.Release|Any CPU.Build.0 = Release|Any CPU
		{BDCE1544-F54C-4F01-869E-9481C6667CD7}.Release|Mixed Platforms.ActiveCfg = Release|Any CPU
		{BDCE1544-F54C-4F01-869E-9481C6667CD7}.Release|Mixed Platforms.Build.0 = Release|Any CPU
		{BDCE1544-F54C-4F01-869E-9481C6667CD7}.Release|x86.ActiveCfg = Release|Any CPU
		{8BBFEDC6-DD8B-4610-BD41-DD872C21F31B}.Debug|Any CPU.ActiveCfg = Debug|Any CPU
		{8BBFEDC6-DD8B-4610-BD41-DD872C21F31B}.Debug|Any CPU.Build.0 = Debug|Any CPU
		{8BBFEDC6-DD8B-4610-BD41-DD872C21F31B}.Debug|Mixed Platforms.ActiveCfg = Debug|Any CPU
		{8BBFEDC6-DD8B-4610-BD41-DD872C21F31B}.Debug|Mixed Platforms.Build.0 = Debug|Any CPU
		{8BBFEDC6-DD8B-4610-BD41-DD872C21F31B}.Debug|x86.ActiveCfg = Debug|Any CPU
		{8BBFEDC6-DD8B-4610-BD41-DD872C21F31B}.Release|Any CPU.ActiveCfg = Release|Any CPU
		{8BBFEDC6-DD8B-4610-BD41-DD872C21F31B}.Release|Any CPU.Build.0 = Release|Any CPU
		{8BBFEDC6-DD8B-4610-BD41-DD872C21F31B}.Release|Mixed Platforms.ActiveCfg = Release|Any CPU
		{8BBFEDC6-DD8B-4610-BD41-DD872C21F31B}.Release|Mixed Platforms.Build.0 = Release|Any CPU
		{8BBFEDC6-DD8B-4610-BD41-DD872C21F31B}.Release|x86.ActiveCfg = Release|Any CPU
		{1156E1FA-9701-4BCA-9CA8-A555885DF455}.Debug|Any CPU.ActiveCfg = Debug|Any CPU
		{1156E1FA-9701-4BCA-9CA8-A555885DF455}.Debug|Any CPU.Build.0 = Debug|Any CPU
		{1156E1FA-9701-4BCA-9CA8-A555885DF455}.Debug|Mixed Platforms.ActiveCfg = Debug|Any CPU
		{1156E1FA-9701-4BCA-9CA8-A555885DF455}.Debug|Mixed Platforms.Build.0 = Debug|Any CPU
		{1156E1FA-9701-4BCA-9CA8-A555885DF455}.Debug|x86.ActiveCfg = Debug|Any CPU
		{1156E1FA-9701-4BCA-9CA8-A555885DF455}.Release|Any CPU.ActiveCfg = Release|Any CPU
		{1156E1FA-9701-4BCA-9CA8-A555885DF455}.Release|Any CPU.Build.0 = Release|Any CPU
		{1156E1FA-9701-4BCA-9CA8-A555885DF455}.Release|Mixed Platforms.ActiveCfg = Release|Any CPU
		{1156E1FA-9701-4BCA-9CA8-A555885DF455}.Release|Mixed Platforms.Build.0 = Release|Any CPU
		{1156E1FA-9701-4BCA-9CA8-A555885DF455}.Release|x86.ActiveCfg = Release|Any CPU
		{7051D7D1-5C8F-47B6-8E6C-19F6119EAE0E}.Debug|Any CPU.ActiveCfg = Debug|Any CPU
		{7051D7D1-5C8F-47B6-8E6C-19F6119EAE0E}.Debug|Any CPU.Build.0 = Debug|Any CPU
		{7051D7D1-5C8F-47B6-8E6C-19F6119EAE0E}.Debug|Mixed Platforms.ActiveCfg = Debug|Any CPU
		{7051D7D1-5C8F-47B6-8E6C-19F6119EAE0E}.Debug|Mixed Platforms.Build.0 = Debug|Any CPU
		{7051D7D1-5C8F-47B6-8E6C-19F6119EAE0E}.Debug|x86.ActiveCfg = Debug|Any CPU
		{7051D7D1-5C8F-47B6-8E6C-19F6119EAE0E}.Release|Any CPU.ActiveCfg = Release|Any CPU
		{7051D7D1-5C8F-47B6-8E6C-19F6119EAE0E}.Release|Any CPU.Build.0 = Release|Any CPU
		{7051D7D1-5C8F-47B6-8E6C-19F6119EAE0E}.Release|Mixed Platforms.ActiveCfg = Release|Any CPU
		{7051D7D1-5C8F-47B6-8E6C-19F6119EAE0E}.Release|Mixed Platforms.Build.0 = Release|Any CPU
		{7051D7D1-5C8F-47B6-8E6C-19F6119EAE0E}.Release|x86.ActiveCfg = Release|Any CPU
		{1DFEF11E-24C1-4187-9DC5-72A2A21FAC70}.Debug|Any CPU.ActiveCfg = Debug|Any CPU
		{1DFEF11E-24C1-4187-9DC5-72A2A21FAC70}.Debug|Any CPU.Build.0 = Debug|Any CPU
		{1DFEF11E-24C1-4187-9DC5-72A2A21FAC70}.Debug|Mixed Platforms.ActiveCfg = Debug|Any CPU
		{1DFEF11E-24C1-4187-9DC5-72A2A21FAC70}.Debug|Mixed Platforms.Build.0 = Debug|Any CPU
		{1DFEF11E-24C1-4187-9DC5-72A2A21FAC70}.Debug|x86.ActiveCfg = Debug|Any CPU
		{1DFEF11E-24C1-4187-9DC5-72A2A21FAC70}.Release|Any CPU.ActiveCfg = Release|Any CPU
		{1DFEF11E-24C1-4187-9DC5-72A2A21FAC70}.Release|Any CPU.Build.0 = Release|Any CPU
		{1DFEF11E-24C1-4187-9DC5-72A2A21FAC70}.Release|Mixed Platforms.ActiveCfg = Release|Any CPU
		{1DFEF11E-24C1-4187-9DC5-72A2A21FAC70}.Release|Mixed Platforms.Build.0 = Release|Any CPU
		{1DFEF11E-24C1-4187-9DC5-72A2A21FAC70}.Release|x86.ActiveCfg = Release|Any CPU
		{8D81A8B1-BB39-454D-A841-565C1DE0C963}.Debug|Any CPU.ActiveCfg = Debug|Any CPU
		{8D81A8B1-BB39-454D-A841-565C1DE0C963}.Debug|Any CPU.Build.0 = Debug|Any CPU
		{8D81A8B1-BB39-454D-A841-565C1DE0C963}.Debug|Mixed Platforms.ActiveCfg = Debug|Any CPU
		{8D81A8B1-BB39-454D-A841-565C1DE0C963}.Debug|Mixed Platforms.Build.0 = Debug|Any CPU
		{8D81A8B1-BB39-454D-A841-565C1DE0C963}.Debug|x86.ActiveCfg = Debug|Any CPU
		{8D81A8B1-BB39-454D-A841-565C1DE0C963}.Release|Any CPU.ActiveCfg = Release|Any CPU
		{8D81A8B1-BB39-454D-A841-565C1DE0C963}.Release|Any CPU.Build.0 = Release|Any CPU
		{8D81A8B1-BB39-454D-A841-565C1DE0C963}.Release|Mixed Platforms.ActiveCfg = Release|Any CPU
		{8D81A8B1-BB39-454D-A841-565C1DE0C963}.Release|Mixed Platforms.Build.0 = Release|Any CPU
		{8D81A8B1-BB39-454D-A841-565C1DE0C963}.Release|x86.ActiveCfg = Release|Any CPU
		{C7A24BBB-6FF5-4E20-B164-8A93740C6453}.Debug|Any CPU.ActiveCfg = Debug|Any CPU
		{C7A24BBB-6FF5-4E20-B164-8A93740C6453}.Debug|Any CPU.Build.0 = Debug|Any CPU
		{C7A24BBB-6FF5-4E20-B164-8A93740C6453}.Debug|Mixed Platforms.ActiveCfg = Debug|Any CPU
		{C7A24BBB-6FF5-4E20-B164-8A93740C6453}.Debug|Mixed Platforms.Build.0 = Debug|Any CPU
		{C7A24BBB-6FF5-4E20-B164-8A93740C6453}.Debug|x86.ActiveCfg = Debug|Any CPU
		{C7A24BBB-6FF5-4E20-B164-8A93740C6453}.Release|Any CPU.ActiveCfg = Release|Any CPU
		{C7A24BBB-6FF5-4E20-B164-8A93740C6453}.Release|Any CPU.Build.0 = Release|Any CPU
		{C7A24BBB-6FF5-4E20-B164-8A93740C6453}.Release|Mixed Platforms.ActiveCfg = Release|Any CPU
		{C7A24BBB-6FF5-4E20-B164-8A93740C6453}.Release|Mixed Platforms.Build.0 = Release|Any CPU
		{C7A24BBB-6FF5-4E20-B164-8A93740C6453}.Release|x86.ActiveCfg = Release|Any CPU
		{1EC6A7A3-CF6E-479B-ABA5-CFD0ABF9ABDD}.Debug|Any CPU.ActiveCfg = Debug|Any CPU
		{1EC6A7A3-CF6E-479B-ABA5-CFD0ABF9ABDD}.Debug|Any CPU.Build.0 = Debug|Any CPU
		{1EC6A7A3-CF6E-479B-ABA5-CFD0ABF9ABDD}.Debug|Mixed Platforms.ActiveCfg = Debug|Any CPU
		{1EC6A7A3-CF6E-479B-ABA5-CFD0ABF9ABDD}.Debug|Mixed Platforms.Build.0 = Debug|Any CPU
		{1EC6A7A3-CF6E-479B-ABA5-CFD0ABF9ABDD}.Debug|x86.ActiveCfg = Debug|Any CPU
		{1EC6A7A3-CF6E-479B-ABA5-CFD0ABF9ABDD}.Release|Any CPU.ActiveCfg = Release|Any CPU
		{1EC6A7A3-CF6E-479B-ABA5-CFD0ABF9ABDD}.Release|Any CPU.Build.0 = Release|Any CPU
		{1EC6A7A3-CF6E-479B-ABA5-CFD0ABF9ABDD}.Release|Mixed Platforms.ActiveCfg = Release|Any CPU
		{1EC6A7A3-CF6E-479B-ABA5-CFD0ABF9ABDD}.Release|Mixed Platforms.Build.0 = Release|Any CPU
		{1EC6A7A3-CF6E-479B-ABA5-CFD0ABF9ABDD}.Release|x86.ActiveCfg = Release|Any CPU
		{AC06B153-CF92-41B6-814C-07B549C599C1}.Debug|Any CPU.ActiveCfg = Debug|Any CPU
		{AC06B153-CF92-41B6-814C-07B549C599C1}.Debug|Any CPU.Build.0 = Debug|Any CPU
		{AC06B153-CF92-41B6-814C-07B549C599C1}.Debug|Mixed Platforms.ActiveCfg = Debug|Any CPU
		{AC06B153-CF92-41B6-814C-07B549C599C1}.Debug|Mixed Platforms.Build.0 = Debug|Any CPU
		{AC06B153-CF92-41B6-814C-07B549C599C1}.Debug|x86.ActiveCfg = Debug|Any CPU
		{AC06B153-CF92-41B6-814C-07B549C599C1}.Release|Any CPU.ActiveCfg = Release|Any CPU
		{AC06B153-CF92-41B6-814C-07B549C599C1}.Release|Any CPU.Build.0 = Release|Any CPU
		{AC06B153-CF92-41B6-814C-07B549C599C1}.Release|Mixed Platforms.ActiveCfg = Release|Any CPU
		{AC06B153-CF92-41B6-814C-07B549C599C1}.Release|Mixed Platforms.Build.0 = Release|Any CPU
		{AC06B153-CF92-41B6-814C-07B549C599C1}.Release|x86.ActiveCfg = Release|Any CPU
		{BC1F983D-487F-4739-9EBC-BDF277AB5D44}.Debug|Any CPU.ActiveCfg = Debug|Any CPU
		{BC1F983D-487F-4739-9EBC-BDF277AB5D44}.Debug|Any CPU.Build.0 = Debug|Any CPU
		{BC1F983D-487F-4739-9EBC-BDF277AB5D44}.Debug|Mixed Platforms.ActiveCfg = Debug|Any CPU
		{BC1F983D-487F-4739-9EBC-BDF277AB5D44}.Debug|Mixed Platforms.Build.0 = Debug|Any CPU
		{BC1F983D-487F-4739-9EBC-BDF277AB5D44}.Debug|x86.ActiveCfg = Debug|Any CPU
		{BC1F983D-487F-4739-9EBC-BDF277AB5D44}.Release|Any CPU.ActiveCfg = Release|Any CPU
		{BC1F983D-487F-4739-9EBC-BDF277AB5D44}.Release|Any CPU.Build.0 = Release|Any CPU
		{BC1F983D-487F-4739-9EBC-BDF277AB5D44}.Release|Mixed Platforms.ActiveCfg = Release|Any CPU
		{BC1F983D-487F-4739-9EBC-BDF277AB5D44}.Release|Mixed Platforms.Build.0 = Release|Any CPU
		{BC1F983D-487F-4739-9EBC-BDF277AB5D44}.Release|x86.ActiveCfg = Release|Any CPU
		{C798F4D4-7654-4D1C-A317-AB91949BB54F}.Debug|Any CPU.ActiveCfg = Debug|Any CPU
		{C798F4D4-7654-4D1C-A317-AB91949BB54F}.Debug|Any CPU.Build.0 = Debug|Any CPU
		{C798F4D4-7654-4D1C-A317-AB91949BB54F}.Debug|Mixed Platforms.ActiveCfg = Debug|Any CPU
		{C798F4D4-7654-4D1C-A317-AB91949BB54F}.Debug|Mixed Platforms.Build.0 = Debug|Any CPU
		{C798F4D4-7654-4D1C-A317-AB91949BB54F}.Debug|x86.ActiveCfg = Debug|Any CPU
		{C798F4D4-7654-4D1C-A317-AB91949BB54F}.Release|Any CPU.ActiveCfg = Release|Any CPU
		{C798F4D4-7654-4D1C-A317-AB91949BB54F}.Release|Any CPU.Build.0 = Release|Any CPU
		{C798F4D4-7654-4D1C-A317-AB91949BB54F}.Release|Mixed Platforms.ActiveCfg = Release|Any CPU
		{C798F4D4-7654-4D1C-A317-AB91949BB54F}.Release|Mixed Platforms.Build.0 = Release|Any CPU
		{C798F4D4-7654-4D1C-A317-AB91949BB54F}.Release|x86.ActiveCfg = Release|Any CPU
		{B4C595A6-9118-42E7-9D37-A3F5130A6D0A}.Debug|Any CPU.ActiveCfg = Debug|Any CPU
		{B4C595A6-9118-42E7-9D37-A3F5130A6D0A}.Debug|Any CPU.Build.0 = Debug|Any CPU
		{B4C595A6-9118-42E7-9D37-A3F5130A6D0A}.Debug|Mixed Platforms.ActiveCfg = Debug|Any CPU
		{B4C595A6-9118-42E7-9D37-A3F5130A6D0A}.Debug|Mixed Platforms.Build.0 = Debug|Any CPU
		{B4C595A6-9118-42E7-9D37-A3F5130A6D0A}.Debug|x86.ActiveCfg = Debug|Any CPU
		{B4C595A6-9118-42E7-9D37-A3F5130A6D0A}.Release|Any CPU.ActiveCfg = Release|Any CPU
		{B4C595A6-9118-42E7-9D37-A3F5130A6D0A}.Release|Any CPU.Build.0 = Release|Any CPU
		{B4C595A6-9118-42E7-9D37-A3F5130A6D0A}.Release|Mixed Platforms.ActiveCfg = Release|Any CPU
		{B4C595A6-9118-42E7-9D37-A3F5130A6D0A}.Release|Mixed Platforms.Build.0 = Release|Any CPU
		{B4C595A6-9118-42E7-9D37-A3F5130A6D0A}.Release|x86.ActiveCfg = Release|Any CPU
		{E7B8A424-8790-47E3-8A01-C281C0FA92D6}.Debug|Any CPU.ActiveCfg = Debug|Any CPU
		{E7B8A424-8790-47E3-8A01-C281C0FA92D6}.Debug|Any CPU.Build.0 = Debug|Any CPU
		{E7B8A424-8790-47E3-8A01-C281C0FA92D6}.Debug|Mixed Platforms.ActiveCfg = Debug|Any CPU
		{E7B8A424-8790-47E3-8A01-C281C0FA92D6}.Debug|Mixed Platforms.Build.0 = Debug|Any CPU
		{E7B8A424-8790-47E3-8A01-C281C0FA92D6}.Debug|x86.ActiveCfg = Debug|Any CPU
		{E7B8A424-8790-47E3-8A01-C281C0FA92D6}.Release|Any CPU.ActiveCfg = Release|Any CPU
		{E7B8A424-8790-47E3-8A01-C281C0FA92D6}.Release|Any CPU.Build.0 = Release|Any CPU
		{E7B8A424-8790-47E3-8A01-C281C0FA92D6}.Release|Mixed Platforms.ActiveCfg = Release|Any CPU
		{E7B8A424-8790-47E3-8A01-C281C0FA92D6}.Release|Mixed Platforms.Build.0 = Release|Any CPU
		{E7B8A424-8790-47E3-8A01-C281C0FA92D6}.Release|x86.ActiveCfg = Release|Any CPU
		{70E7BF1E-DB9A-4E68-8824-F25ECD105A1E}.Debug|Any CPU.ActiveCfg = Debug|x86
		{70E7BF1E-DB9A-4E68-8824-F25ECD105A1E}.Debug|Mixed Platforms.ActiveCfg = Debug|x86
		{70E7BF1E-DB9A-4E68-8824-F25ECD105A1E}.Debug|Mixed Platforms.Build.0 = Debug|x86
		{70E7BF1E-DB9A-4E68-8824-F25ECD105A1E}.Debug|x86.ActiveCfg = Debug|x86
		{70E7BF1E-DB9A-4E68-8824-F25ECD105A1E}.Debug|x86.Build.0 = Debug|x86
		{70E7BF1E-DB9A-4E68-8824-F25ECD105A1E}.Release|Any CPU.ActiveCfg = Release|x86
		{70E7BF1E-DB9A-4E68-8824-F25ECD105A1E}.Release|Mixed Platforms.ActiveCfg = Release|x86
		{70E7BF1E-DB9A-4E68-8824-F25ECD105A1E}.Release|Mixed Platforms.Build.0 = Release|x86
		{70E7BF1E-DB9A-4E68-8824-F25ECD105A1E}.Release|x86.ActiveCfg = Release|x86
		{70E7BF1E-DB9A-4E68-8824-F25ECD105A1E}.Release|x86.Build.0 = Release|x86
		{8F356520-FAE0-4B32-812A-09DD4B4E2D03}.Debug|Any CPU.ActiveCfg = Debug|Any CPU
		{8F356520-FAE0-4B32-812A-09DD4B4E2D03}.Debug|Any CPU.Build.0 = Debug|Any CPU
		{8F356520-FAE0-4B32-812A-09DD4B4E2D03}.Debug|Mixed Platforms.ActiveCfg = Debug|Any CPU
		{8F356520-FAE0-4B32-812A-09DD4B4E2D03}.Debug|Mixed Platforms.Build.0 = Debug|Any CPU
		{8F356520-FAE0-4B32-812A-09DD4B4E2D03}.Debug|x86.ActiveCfg = Debug|Any CPU
		{8F356520-FAE0-4B32-812A-09DD4B4E2D03}.Release|Any CPU.ActiveCfg = Release|Any CPU
		{8F356520-FAE0-4B32-812A-09DD4B4E2D03}.Release|Any CPU.Build.0 = Release|Any CPU
		{8F356520-FAE0-4B32-812A-09DD4B4E2D03}.Release|Mixed Platforms.ActiveCfg = Release|Any CPU
		{8F356520-FAE0-4B32-812A-09DD4B4E2D03}.Release|Mixed Platforms.Build.0 = Release|Any CPU
		{8F356520-FAE0-4B32-812A-09DD4B4E2D03}.Release|x86.ActiveCfg = Release|Any CPU
		{EDD3D1F8-7422-4ED8-A1A8-3D1006902267}.Debug|Any CPU.ActiveCfg = Debug|Any CPU
		{EDD3D1F8-7422-4ED8-A1A8-3D1006902267}.Debug|Any CPU.Build.0 = Debug|Any CPU
		{EDD3D1F8-7422-4ED8-A1A8-3D1006902267}.Debug|Mixed Platforms.ActiveCfg = Debug|Any CPU
		{EDD3D1F8-7422-4ED8-A1A8-3D1006902267}.Debug|Mixed Platforms.Build.0 = Debug|Any CPU
		{EDD3D1F8-7422-4ED8-A1A8-3D1006902267}.Debug|x86.ActiveCfg = Debug|Any CPU
		{EDD3D1F8-7422-4ED8-A1A8-3D1006902267}.Release|Any CPU.ActiveCfg = Release|Any CPU
		{EDD3D1F8-7422-4ED8-A1A8-3D1006902267}.Release|Any CPU.Build.0 = Release|Any CPU
		{EDD3D1F8-7422-4ED8-A1A8-3D1006902267}.Release|Mixed Platforms.ActiveCfg = Release|Any CPU
		{EDD3D1F8-7422-4ED8-A1A8-3D1006902267}.Release|Mixed Platforms.Build.0 = Release|Any CPU
		{EDD3D1F8-7422-4ED8-A1A8-3D1006902267}.Release|x86.ActiveCfg = Release|Any CPU
	EndGlobalSection
	GlobalSection(SolutionProperties) = preSolution
		HideSolutionNode = FALSE
	EndGlobalSection
	GlobalSection(NestedProjects) = preSolution
		{A20221B6-7E8A-45BD-89E4-830B1A9BCCD5} = {BE9350BA-AD9D-4DF9-8EC4-85330CC8C4C7}
		{5FCED4DA-FE49-45A7-8FBA-7DA17E34720B} = {BE9350BA-AD9D-4DF9-8EC4-85330CC8C4C7}
		{435B7FF8-64D4-40AB-B678-6433EDA74C58} = {BE9350BA-AD9D-4DF9-8EC4-85330CC8C4C7}
		{54CB1792-DD37-4A01-B6C8-E903E1E6FB0F} = {BE9350BA-AD9D-4DF9-8EC4-85330CC8C4C7}
		{48AE68F8-AD3C-4D2D-9591-C6B24E7011C9} = {BE9350BA-AD9D-4DF9-8EC4-85330CC8C4C7}
		{3736F9C4-F003-4552-B3E7-6FE6A8CFEF69} = {BE9350BA-AD9D-4DF9-8EC4-85330CC8C4C7}
		{77E0236C-E306-435A-A4AD-1B4F5C7AE482} = {BE9350BA-AD9D-4DF9-8EC4-85330CC8C4C7}
		{EA5B400A-2ADD-4A9E-8D66-EAE5B79D8100} = {965535FA-5AE5-457E-806A-59404FE1A71B}
		{D44CC63D-B97E-459B-A0D8-0E5C3413B065} = {965535FA-5AE5-457E-806A-59404FE1A71B}
		{7E089655-E774-402A-8762-130580D42BB8} = {FC1E4DB6-2F81-4E26-B4EF-C9E5877D1B37}
		{DEDD508A-621E-43F4-877F-F4D9F930408E} = {FC1E4DB6-2F81-4E26-B4EF-C9E5877D1B37}
		{BDCE1544-F54C-4F01-869E-9481C6667CD7} = {FC1E4DB6-2F81-4E26-B4EF-C9E5877D1B37}
		{8BBFEDC6-DD8B-4610-BD41-DD872C21F31B} = {FC1E4DB6-2F81-4E26-B4EF-C9E5877D1B37}
		{1156E1FA-9701-4BCA-9CA8-A555885DF455} = {FC1E4DB6-2F81-4E26-B4EF-C9E5877D1B37}
		{7051D7D1-5C8F-47B6-8E6C-19F6119EAE0E} = {FC1E4DB6-2F81-4E26-B4EF-C9E5877D1B37}
		{1DFEF11E-24C1-4187-9DC5-72A2A21FAC70} = {FC1E4DB6-2F81-4E26-B4EF-C9E5877D1B37}
		{8D81A8B1-BB39-454D-A841-565C1DE0C963} = {FC1E4DB6-2F81-4E26-B4EF-C9E5877D1B37}
		{C7A24BBB-6FF5-4E20-B164-8A93740C6453} = {FC1E4DB6-2F81-4E26-B4EF-C9E5877D1B37}
		{1EC6A7A3-CF6E-479B-ABA5-CFD0ABF9ABDD} = {FC1E4DB6-2F81-4E26-B4EF-C9E5877D1B37}
		{AC06B153-CF92-41B6-814C-07B549C599C1} = {965535FA-5AE5-457E-806A-59404FE1A71B}
		{BC1F983D-487F-4739-9EBC-BDF277AB5D44} = {965535FA-5AE5-457E-806A-59404FE1A71B}
		{C798F4D4-7654-4D1C-A317-AB91949BB54F} = {965535FA-5AE5-457E-806A-59404FE1A71B}
		{B4C595A6-9118-42E7-9D37-A3F5130A6D0A} = {965535FA-5AE5-457E-806A-59404FE1A71B}
		{E7B8A424-8790-47E3-8A01-C281C0FA92D6} = {1468D2A5-8B56-4A64-8F64-A5DAF1023EA7}
		{70E7BF1E-DB9A-4E68-8824-F25ECD105A1E} = {1468D2A5-8B56-4A64-8F64-A5DAF1023EA7}
		{8F356520-FAE0-4B32-812A-09DD4B4E2D03} = {1468D2A5-8B56-4A64-8F64-A5DAF1023EA7}
		{EDD3D1F8-7422-4ED8-A1A8-3D1006902267} = {1468D2A5-8B56-4A64-8F64-A5DAF1023EA7}
		{8D0DDB05-B228-444B-8E06-B3714D926751} = {8B1C46CF-7C18-4187-BA33-440E01F1B380}
		{7DC6D3C5-7F50-4C1D-9586-16CEF9F16A91} = {8B1C46CF-7C18-4187-BA33-440E01F1B380}
	EndGlobalSection
EndGlobal
